
Microsoft Visual Studio Solution File, Format Version 12.00
# Visual Studio Version 17
VisualStudioVersion = 17.4.33213.308
MinimumVisualStudioVersion = 10.0.40219.1
Project("{FAE04EC0-301F-11D3-BF4B-00C04F79EFBC}") = "Asp_Gluhhov", "Asp_Gluhhov\Asp_Gluhhov.csproj", "{C3E76CB5-837F-43B4-98F1-0F41CF5BA56E}"
EndProject
Global
	GlobalSection(SolutionConfigurationPlatforms) = preSolution
		Debug|Any CPU = Debug|Any CPU
		Release|Any CPU = Release|Any CPU
	EndGlobalSection
	GlobalSection(ProjectConfigurationPlatforms) = postSolution
		{C3E76CB5-837F-43B4-98F1-0F41CF5BA56E}.Debug|Any CPU.ActiveCfg = Debug|Any CPU
		{C3E76CB5-837F-43B4-98F1-0F41CF5BA56E}.Debug|Any CPU.Build.0 = Debug|Any CPU
		{C3E76CB5-837F-43B4-98F1-0F41CF5BA56E}.Release|Any CPU.ActiveCfg = Release|Any CPU
		{C3E76CB5-837F-43B4-98F1-0F41CF5BA56E}.Release|Any CPU.Build.0 = Release|Any CPU
	EndGlobalSection
	GlobalSection(SolutionProperties) = preSolution
		HideSolutionNode = FALSE
	EndGlobalSection
	GlobalSection(ExtensibilityGlobals) = postSolution
		SolutionGuid = {AB01AF34-0982-4244-B5F1-EFD649BE7769}
	EndGlobalSection
EndGlobal
